
Microsoft Visual Studio Solution File, Format Version 12.00
# Visual Studio Version 17
VisualStudioVersion = 17.4.33213.308
MinimumVisualStudioVersion = 10.0.40219.1
Project("{FAE04EC0-301F-11D3-BF4B-00C04F79EFBC}") = "Cats.BusinessObjects", "Cats.BusinessObjects\Cats.BusinessObjects.csproj", "{6992C233-BD5D-41AA-B66C-ADAA980FEFF8}"
EndProject
Project("{2150E333-8FDC-42A3-9474-1A3956D46DE8}") = "Src", "Src", "{082F3498-8845-47ED-9C55-BB21B58A94D2}"
EndProject
Project("{2150E333-8FDC-42A3-9474-1A3956D46DE8}") = "2. Application Business Rules", "2. Application Business Rules", "{B510DAA6-99A7-40CE-B63B-6D09E7B2BFD3}"
EndProject
Project("{2150E333-8FDC-42A3-9474-1A3956D46DE8}") = "3. Interface Adapters", "3. Interface Adapters", "{A37E64B5-1C6F-4D53-A23F-9DB3D07C8F73}"
EndProject
Project("{2150E333-8FDC-42A3-9474-1A3956D46DE8}") = "Models", "Models", "{A074469D-94C1-4A8A-B42F-F0E3F8609706}"
EndProject
Project("{FAE04EC0-301F-11D3-BF4B-00C04F79EFBC}") = "Cats.Models", "Cats.Models\Cats.Models.csproj", "{55F211FB-5B75-4A0B-9FFE-ADBD4D05E4D8}"
EndProject
Project("{2150E333-8FDC-42A3-9474-1A3956D46DE8}") = "4. Frameworks And Drivers", "4. Frameworks And Drivers", "{CC3C09A3-CB97-4A47-8B52-0414DF06006C}"
EndProject
Project("{2150E333-8FDC-42A3-9474-1A3956D46DE8}") = "UIs", "UIs", "{46ECA2A3-6078-4FA6-933A-AD3C027533C1}"
EndProject
Project("{2150E333-8FDC-42A3-9474-1A3956D46DE8}") = "ViewModels", "ViewModels", "{4D79A604-8D3D-41CC-8ED8-4671E28EDE5C}"
EndProject
Project("{FAE04EC0-301F-11D3-BF4B-00C04F79EFBC}") = "Cats.ViewModels", "Cats.ViewModels\Cats.ViewModels.csproj", "{39BE3F6B-D867-443E-A829-5CD8462C2EA1}"
EndProject
Project("{2150E333-8FDC-42A3-9474-1A3956D46DE8}") = "Gateways", "Gateways", "{3EEB7DAA-4B01-4730-897A-B1550F9F71D8}"
EndProject
Project("{2150E333-8FDC-42A3-9474-1A3956D46DE8}") = "Repositories", "Repositories", "{EBFACF7D-013F-46EB-9AFF-B62A26BE631F}"
EndProject
Project("{FAE04EC0-301F-11D3-BF4B-00C04F79EFBC}") = "Cats.Http.Repositories", "Cats.Http.Repositories\Cats.Http.Repositories.csproj", "{C5FB4081-67EC-4C35-A8F0-E1F1845B769B}"
EndProject
Global
	GlobalSection(SolutionConfigurationPlatforms) = preSolution
		Debug|Any CPU = Debug|Any CPU
		Release|Any CPU = Release|Any CPU
	EndGlobalSection
	GlobalSection(ProjectConfigurationPlatforms) = postSolution
		{6992C233-BD5D-41AA-B66C-ADAA980FEFF8}.Debug|Any CPU.ActiveCfg = Debug|Any CPU
		{6992C233-BD5D-41AA-B66C-ADAA980FEFF8}.Debug|Any CPU.Build.0 = Debug|Any CPU
		{6992C233-BD5D-41AA-B66C-ADAA980FEFF8}.Release|Any CPU.ActiveCfg = Release|Any CPU
		{6992C233-BD5D-41AA-B66C-ADAA980FEFF8}.Release|Any CPU.Build.0 = Release|Any CPU
		{55F211FB-5B75-4A0B-9FFE-ADBD4D05E4D8}.Debug|Any CPU.ActiveCfg = Debug|Any CPU
		{55F211FB-5B75-4A0B-9FFE-ADBD4D05E4D8}.Debug|Any CPU.Build.0 = Debug|Any CPU
		{55F211FB-5B75-4A0B-9FFE-ADBD4D05E4D8}.Release|Any CPU.ActiveCfg = Release|Any CPU
		{55F211FB-5B75-4A0B-9FFE-ADBD4D05E4D8}.Release|Any CPU.Build.0 = Release|Any CPU
		{39BE3F6B-D867-443E-A829-5CD8462C2EA1}.Debug|Any CPU.ActiveCfg = Debug|Any CPU
		{39BE3F6B-D867-443E-A829-5CD8462C2EA1}.Debug|Any CPU.Build.0 = Debug|Any CPU
		{39BE3F6B-D867-443E-A829-5CD8462C2EA1}.Release|Any CPU.ActiveCfg = Release|Any CPU
		{39BE3F6B-D867-443E-A829-5CD8462C2EA1}.Release|Any CPU.Build.0 = Release|Any CPU
		{C5FB4081-67EC-4C35-A8F0-E1F1845B769B}.Debug|Any CPU.ActiveCfg = Debug|Any CPU
		{C5FB4081-67EC-4C35-A8F0-E1F1845B769B}.Debug|Any CPU.Build.0 = Debug|Any CPU
		{C5FB4081-67EC-4C35-A8F0-E1F1845B769B}.Release|Any CPU.ActiveCfg = Release|Any CPU
		{C5FB4081-67EC-4C35-A8F0-E1F1845B769B}.Release|Any CPU.Build.0 = Release|Any CPU
	EndGlobalSection
	GlobalSection(SolutionProperties) = preSolution
		HideSolutionNode = FALSE
	EndGlobalSection
	GlobalSection(NestedProjects) = preSolution
		{6992C233-BD5D-41AA-B66C-ADAA980FEFF8} = {B510DAA6-99A7-40CE-B63B-6D09E7B2BFD3}
		{B510DAA6-99A7-40CE-B63B-6D09E7B2BFD3} = {082F3498-8845-47ED-9C55-BB21B58A94D2}
		{A37E64B5-1C6F-4D53-A23F-9DB3D07C8F73} = {082F3498-8845-47ED-9C55-BB21B58A94D2}
		{A074469D-94C1-4A8A-B42F-F0E3F8609706} = {A37E64B5-1C6F-4D53-A23F-9DB3D07C8F73}
		{55F211FB-5B75-4A0B-9FFE-ADBD4D05E4D8} = {A074469D-94C1-4A8A-B42F-F0E3F8609706}
		{CC3C09A3-CB97-4A47-8B52-0414DF06006C} = {082F3498-8845-47ED-9C55-BB21B58A94D2}
		{46ECA2A3-6078-4FA6-933A-AD3C027533C1} = {CC3C09A3-CB97-4A47-8B52-0414DF06006C}
		{4D79A604-8D3D-41CC-8ED8-4671E28EDE5C} = {A37E64B5-1C6F-4D53-A23F-9DB3D07C8F73}
		{39BE3F6B-D867-443E-A829-5CD8462C2EA1} = {4D79A604-8D3D-41CC-8ED8-4671E28EDE5C}
		{3EEB7DAA-4B01-4730-897A-B1550F9F71D8} = {A37E64B5-1C6F-4D53-A23F-9DB3D07C8F73}
		{EBFACF7D-013F-46EB-9AFF-B62A26BE631F} = {3EEB7DAA-4B01-4730-897A-B1550F9F71D8}
		{C5FB4081-67EC-4C35-A8F0-E1F1845B769B} = {EBFACF7D-013F-46EB-9AFF-B62A26BE631F}
	EndGlobalSection
	GlobalSection(ExtensibilityGlobals) = postSolution
		SolutionGuid = {9383E7D0-E264-4CC2-BE8A-4764B1E057F7}
	EndGlobalSection
EndGlobal
